
Microsoft Visual Studio Solution File, Format Version 12.00
# Visual Studio Version 17
VisualStudioVersion = 17.1.32210.238
MinimumVisualStudioVersion = 10.0.40219.1
Project("{FAE04EC0-301F-11D3-BF4B-00C04F79EFBC}") = "PRODUTOS( UDEMY)", "PRODUTOS( UDEMY)\PRODUTOS( UDEMY).csproj", "{43D33EEA-F7D4-4B30-B72F-5CAD1B038627}"
EndProject
Global
	GlobalSection(SolutionConfigurationPlatforms) = preSolution
		Debug|Any CPU = Debug|Any CPU
		Release|Any CPU = Release|Any CPU
	EndGlobalSection
	GlobalSection(ProjectConfigurationPlatforms) = postSolution
		{43D33EEA-F7D4-4B30-B72F-5CAD1B038627}.Debug|Any CPU.ActiveCfg = Debug|Any CPU
		{43D33EEA-F7D4-4B30-B72F-5CAD1B038627}.Debug|Any CPU.Build.0 = Debug|Any CPU
		{43D33EEA-F7D4-4B30-B72F-5CAD1B038627}.Release|Any CPU.ActiveCfg = Release|Any CPU
		{43D33EEA-F7D4-4B30-B72F-5CAD1B038627}.Release|Any CPU.Build.0 = Release|Any CPU
	EndGlobalSection
	GlobalSection(SolutionProperties) = preSolution
		HideSolutionNode = FALSE
	EndGlobalSection
	GlobalSection(ExtensibilityGlobals) = postSolution
		SolutionGuid = {F23A925F-D61B-451B-82FF-A7280284FB07}
	EndGlobalSection
EndGlobal
